// !$*UTF8*$!
{
	archiveVersion = 1;
	classes = {
	};
	objectVersion = 50;
	objects = {

/* Begin PBXBuildFile section */
		252E139525309F340018E3EC /* AppDelegate.swift in Sources */ = {isa = PBXBuildFile; fileRef = 252E139425309F340018E3EC /* AppDelegate.swift */; };
		252E139725309F340018E3EC /* SceneDelegate.swift in Sources */ = {isa = PBXBuildFile; fileRef = 252E139625309F340018E3EC /* SceneDelegate.swift */; };
		252E139925309F340018E3EC /* ViewController.swift in Sources */ = {isa = PBXBuildFile; fileRef = 252E139825309F340018E3EC /* ViewController.swift */; };
		252E139C25309F340018E3EC /* Main.storyboard in Resources */ = {isa = PBXBuildFile; fileRef = 252E139A25309F340018E3EC /* Main.storyboard */; };
		252E139E25309F370018E3EC /* Assets.xcassets in Resources */ = {isa = PBXBuildFile; fileRef = 252E139D25309F370018E3EC /* Assets.xcassets */; };
		252E13A125309F370018E3EC /* LaunchScreen.storyboard in Resources */ = {isa = PBXBuildFile; fileRef = 252E139F25309F370018E3EC /* LaunchScreen.storyboard */; };
		252E13AC25309F380018E3EC /* DummyCITests.swift in Sources */ = {isa = PBXBuildFile; fileRef = 252E13AB25309F380018E3EC /* DummyCITests.swift */; };
		252E13B725309F380018E3EC /* DummyCIUITests.swift in Sources */ = {isa = PBXBuildFile; fileRef = 252E13B625309F380018E3EC /* DummyCIUITests.swift */; };
/* End PBXBuildFile section */

/* Begin PBXContainerItemProxy section */
		252E13A825309F380018E3EC /* PBXContainerItemProxy */ = {
			isa = PBXContainerItemProxy;
			containerPortal = 252E138925309F340018E3EC /* Project object */;
			proxyType = 1;
			remoteGlobalIDString = 252E139025309F340018E3EC;
			remoteInfo = DummyCI;
		};
		252E13B325309F380018E3EC /* PBXContainerItemProxy */ = {
			isa = PBXContainerItemProxy;
			containerPortal = 252E138925309F340018E3EC /* Project object */;
			proxyType = 1;
			remoteGlobalIDString = 252E139025309F340018E3EC;
			remoteInfo = DummyCI;
		};
/* End PBXContainerItemProxy section */

/* Begin PBXFileReference section */
		252E139125309F340018E3EC /* DummyCI.app */ = {isa = PBXFileReference; explicitFileType = wrapper.application; includeInIndex = 0; path = DummyCI.app; sourceTree = BUILT_PRODUCTS_DIR; };
		252E139425309F340018E3EC /* AppDelegate.swift */ = {isa = PBXFileReference; lastKnownFileType = sourcecode.swift; path = AppDelegate.swift; sourceTree = "<group>"; };
		252E139625309F340018E3EC /* SceneDelegate.swift */ = {isa = PBXFileReference; lastKnownFileType = sourcecode.swift; path = SceneDelegate.swift; sourceTree = "<group>"; };
		252E139825309F340018E3EC /* ViewController.swift */ = {isa = PBXFileReference; lastKnownFileType = sourcecode.swift; path = ViewController.swift; sourceTree = "<group>"; };
		252E139B25309F340018E3EC /* Base */ = {isa = PBXFileReference; lastKnownFileType = file.storyboard; name = Base; path = Base.lproj/Main.storyboard; sourceTree = "<group>"; };
		252E139D25309F370018E3EC /* Assets.xcassets */ = {isa = PBXFileReference; lastKnownFileType = folder.assetcatalog; path = Assets.xcassets; sourceTree = "<group>"; };
		252E13A025309F370018E3EC /* Base */ = {isa = PBXFileReference; lastKnownFileType = file.storyboard; name = Base; path = Base.lproj/LaunchScreen.storyboard; sourceTree = "<group>"; };
		252E13A225309F370018E3EC /* Info.plist */ = {isa = PBXFileReference; lastKnownFileType = text.plist.xml; path = Info.plist; sourceTree = "<group>"; };
		252E13A725309F380018E3EC /* DummyCITests.xctest */ = {isa = PBXFileReference; explicitFileType = wrapper.cfbundle; includeInIndex = 0; path = DummyCITests.xctest; sourceTree = BUILT_PRODUCTS_DIR; };
		252E13AB25309F380018E3EC /* DummyCITests.swift */ = {isa = PBXFileReference; lastKnownFileType = sourcecode.swift; path = DummyCITests.swift; sourceTree = "<group>"; };
		252E13AD25309F380018E3EC /* Info.plist */ = {isa = PBXFileReference; lastKnownFileType = text.plist.xml; path = Info.plist; sourceTree = "<group>"; };
		252E13B225309F380018E3EC /* DummyCIUITests.xctest */ = {isa = PBXFileReference; explicitFileType = wrapper.cfbundle; includeInIndex = 0; path = DummyCIUITests.xctest; sourceTree = BUILT_PRODUCTS_DIR; };
		252E13B625309F380018E3EC /* DummyCIUITests.swift */ = {isa = PBXFileReference; lastKnownFileType = sourcecode.swift; path = DummyCIUITests.swift; sourceTree = "<group>"; };
		252E13B825309F380018E3EC /* Info.plist */ = {isa = PBXFileReference; lastKnownFileType = text.plist.xml; path = Info.plist; sourceTree = "<group>"; };
/* End PBXFileReference section */

/* Begin PBXFrameworksBuildPhase section */
		252E138E25309F340018E3EC /* Frameworks */ = {
			isa = PBXFrameworksBuildPhase;
			buildActionMask = 2147483647;
			files = (
			);
			runOnlyForDeploymentPostprocessing = 0;
		};
		252E13A425309F380018E3EC /* Frameworks */ = {
			isa = PBXFrameworksBuildPhase;
			buildActionMask = 2147483647;
			files = (
			);
			runOnlyForDeploymentPostprocessing = 0;
		};
		252E13AF25309F380018E3EC /* Frameworks */ = {
			isa = PBXFrameworksBuildPhase;
			buildActionMask = 2147483647;
			files = (
			);
			runOnlyForDeploymentPostprocessing = 0;
		};
/* End PBXFrameworksBuildPhase section */

/* Begin PBXGroup section */
		252E138825309F340018E3EC = {
			isa = PBXGroup;
			children = (
				252E139325309F340018E3EC /* DummyCI */,
				252E13AA25309F380018E3EC /* DummyCITests */,
				252E13B525309F380018E3EC /* DummyCIUITests */,
				252E139225309F340018E3EC /* Products */,
			);
			sourceTree = "<group>";
		};
		252E139225309F340018E3EC /* Products */ = {
			isa = PBXGroup;
			children = (
				252E139125309F340018E3EC /* DummyCI.app */,
				252E13A725309F380018E3EC /* DummyCITests.xctest */,
				252E13B225309F380018E3EC /* DummyCIUITests.xctest */,
			);
			name = Products;
			sourceTree = "<group>";
		};
		252E139325309F340018E3EC /* DummyCI */ = {
			isa = PBXGroup;
			children = (
				252E139425309F340018E3EC /* AppDelegate.swift */,
				252E139625309F340018E3EC /* SceneDelegate.swift */,
				252E139825309F340018E3EC /* ViewController.swift */,
				252E139A25309F340018E3EC /* Main.storyboard */,
				252E139D25309F370018E3EC /* Assets.xcassets */,
				252E139F25309F370018E3EC /* LaunchScreen.storyboard */,
				252E13A225309F370018E3EC /* Info.plist */,
			);
			path = DummyCI;
			sourceTree = "<group>";
		};
		252E13AA25309F380018E3EC /* DummyCITests */ = {
			isa = PBXGroup;
			children = (
				252E13AB25309F380018E3EC /* DummyCITests.swift */,
				252E13AD25309F380018E3EC /* Info.plist */,
			);
			path = DummyCITests;
			sourceTree = "<group>";
		};
		252E13B525309F380018E3EC /* DummyCIUITests */ = {
			isa = PBXGroup;
			children = (
				252E13B625309F380018E3EC /* DummyCIUITests.swift */,
				252E13B825309F380018E3EC /* Info.plist */,
			);
			path = DummyCIUITests;
			sourceTree = "<group>";
		};
/* End PBXGroup section */

/* Begin PBXNativeTarget section */
		252E139025309F340018E3EC /* DummyCI */ = {
			isa = PBXNativeTarget;
			buildConfigurationList = 252E13BB25309F380018E3EC /* Build configuration list for PBXNativeTarget "DummyCI" */;
			buildPhases = (
				252E138D25309F340018E3EC /* Sources */,
				252E138E25309F340018E3EC /* Frameworks */,
				252E138F25309F340018E3EC /* Resources */,
			);
			buildRules = (
			);
			dependencies = (
			);
			name = DummyCI;
			productName = DummyCI;
			productReference = 252E139125309F340018E3EC /* DummyCI.app */;
			productType = "com.apple.product-type.application";
		};
		252E13A625309F380018E3EC /* DummyCITests */ = {
			isa = PBXNativeTarget;
			buildConfigurationList = 252E13BE25309F380018E3EC /* Build configuration list for PBXNativeTarget "DummyCITests" */;
			buildPhases = (
				252E13A325309F380018E3EC /* Sources */,
				252E13A425309F380018E3EC /* Frameworks */,
				252E13A525309F380018E3EC /* Resources */,
			);
			buildRules = (
			);
			dependencies = (
				252E13A925309F380018E3EC /* PBXTargetDependency */,
			);
			name = DummyCITests;
			productName = DummyCITests;
			productReference = 252E13A725309F380018E3EC /* DummyCITests.xctest */;
			productType = "com.apple.product-type.bundle.unit-test";
		};
		252E13B125309F380018E3EC /* DummyCIUITests */ = {
			isa = PBXNativeTarget;
			buildConfigurationList = 252E13C125309F380018E3EC /* Build configuration list for PBXNativeTarget "DummyCIUITests" */;
			buildPhases = (
				252E13AE25309F380018E3EC /* Sources */,
				252E13AF25309F380018E3EC /* Frameworks */,
				252E13B025309F380018E3EC /* Resources */,
			);
			buildRules = (
			);
			dependencies = (
				252E13B425309F380018E3EC /* PBXTargetDependency */,
			);
			name = DummyCIUITests;
			productName = DummyCIUITests;
			productReference = 252E13B225309F380018E3EC /* DummyCIUITests.xctest */;
			productType = "com.apple.product-type.bundle.ui-testing";
		};
/* End PBXNativeTarget section */

/* Begin PBXProject section */
		252E138925309F340018E3EC /* Project object */ = {
			isa = PBXProject;
			attributes = {
				LastSwiftUpdateCheck = 1200;
				LastUpgradeCheck = 1200;
				TargetAttributes = {
					252E139025309F340018E3EC = {
						CreatedOnToolsVersion = 12.0;
					};
					252E13A625309F380018E3EC = {
						CreatedOnToolsVersion = 12.0;
						TestTargetID = 252E139025309F340018E3EC;
					};
					252E13B125309F380018E3EC = {
						CreatedOnToolsVersion = 12.0;
						TestTargetID = 252E139025309F340018E3EC;
					};
				};
			};
			buildConfigurationList = 252E138C25309F340018E3EC /* Build configuration list for PBXProject "DummyCI" */;
			compatibilityVersion = "Xcode 9.3";
			developmentRegion = en;
			hasScannedForEncodings = 0;
			knownRegions = (
				en,
				Base,
			);
			mainGroup = 252E138825309F340018E3EC;
			productRefGroup = 252E139225309F340018E3EC /* Products */;
			projectDirPath = "";
			projectRoot = "";
			targets = (
				252E139025309F340018E3EC /* DummyCI */,
				252E13A625309F380018E3EC /* DummyCITests */,
				252E13B125309F380018E3EC /* DummyCIUITests */,
			);
		};
/* End PBXProject section */

/* Begin PBXResourcesBuildPhase section */
		252E138F25309F340018E3EC /* Resources */ = {
			isa = PBXResourcesBuildPhase;
			buildActionMask = 2147483647;
			files = (
				252E13A125309F370018E3EC /* LaunchScreen.storyboard in Resources */,
				252E139E25309F370018E3EC /* Assets.xcassets in Resources */,
				252E139C25309F340018E3EC /* Main.storyboard in Resources */,
			);
			runOnlyForDeploymentPostprocessing = 0;
		};
		252E13A525309F380018E3EC /* Resources */ = {
			isa = PBXResourcesBuildPhase;
			buildActionMask = 2147483647;
			files = (
			);
			runOnlyForDeploymentPostprocessing = 0;
		};
		252E13B025309F380018E3EC /* Resources */ = {
			isa = PBXResourcesBuildPhase;
			buildActionMask = 2147483647;
			files = (
			);
			runOnlyForDeploymentPostprocessing = 0;
		};
/* End PBXResourcesBuildPhase section */

/* Begin PBXSourcesBuildPhase section */
		252E138D25309F340018E3EC /* Sources */ = {
			isa = PBXSourcesBuildPhase;
			buildActionMask = 2147483647;
			files = (
				252E139925309F340018E3EC /* ViewController.swift in Sources */,
				252E139525309F340018E3EC /* AppDelegate.swift in Sources */,
				252E139725309F340018E3EC /* SceneDelegate.swift in Sources */,
			);
			runOnlyForDeploymentPostprocessing = 0;
		};
		252E13A325309F380018E3EC /* Sources */ = {
			isa = PBXSourcesBuildPhase;
			buildActionMask = 2147483647;
			files = (
				252E13AC25309F380018E3EC /* DummyCITests.swift in Sources */,
			);
			runOnlyForDeploymentPostprocessing = 0;
		};
		252E13AE25309F380018E3EC /* Sources */ = {
			isa = PBXSourcesBuildPhase;
			buildActionMask = 2147483647;
			files = (
				252E13B725309F380018E3EC /* DummyCIUITests.swift in Sources */,
			);
			runOnlyForDeploymentPostprocessing = 0;
		};
/* End PBXSourcesBuildPhase section */

/* Begin PBXTargetDependency section */
		252E13A925309F380018E3EC /* PBXTargetDependency */ = {
			isa = PBXTargetDependency;
			target = 252E139025309F340018E3EC /* DummyCI */;
			targetProxy = 252E13A825309F380018E3EC /* PBXContainerItemProxy */;
		};
		252E13B425309F380018E3EC /* PBXTargetDependency */ = {
			isa = PBXTargetDependency;
			target = 252E139025309F340018E3EC /* DummyCI */;
			targetProxy = 252E13B325309F380018E3EC /* PBXContainerItemProxy */;
		};
/* End PBXTargetDependency section */

/* Begin PBXVariantGroup section */
		252E139A25309F340018E3EC /* Main.storyboard */ = {
			isa = PBXVariantGroup;
			children = (
				252E139B25309F340018E3EC /* Base */,
			);
			name = Main.storyboard;
			sourceTree = "<group>";
		};
		252E139F25309F370018E3EC /* LaunchScreen.storyboard */ = {
			isa = PBXVariantGroup;
			children = (
				252E13A025309F370018E3EC /* Base */,
			);
			name = LaunchScreen.storyboard;
			sourceTree = "<group>";
		};
/* End PBXVariantGroup section */

/* Begin XCBuildConfiguration section */
		252E13B925309F380018E3EC /* Debug */ = {
			isa = XCBuildConfiguration;
			buildSettings = {
				ALWAYS_SEARCH_USER_PATHS = NO;
				CLANG_ANALYZER_NONNULL = YES;
				CLANG_ANALYZER_NUMBER_OBJECT_CONVERSION = YES_AGGRESSIVE;
				CLANG_CXX_LANGUAGE_STANDARD = "gnu++14";
				CLANG_CXX_LIBRARY = "libc++";
				CLANG_ENABLE_MODULES = YES;
				CLANG_ENABLE_OBJC_ARC = YES;
				CLANG_ENABLE_OBJC_WEAK = YES;
				CLANG_WARN_BLOCK_CAPTURE_AUTORELEASING = YES;
				CLANG_WARN_BOOL_CONVERSION = YES;
				CLANG_WARN_COMMA = YES;
				CLANG_WARN_CONSTANT_CONVERSION = YES;
				CLANG_WARN_DEPRECATED_OBJC_IMPLEMENTATIONS = YES;
				CLANG_WARN_DIRECT_OBJC_ISA_USAGE = YES_ERROR;
				CLANG_WARN_DOCUMENTATION_COMMENTS = YES;
				CLANG_WARN_EMPTY_BODY = YES;
				CLANG_WARN_ENUM_CONVERSION = YES;
				CLANG_WARN_INFINITE_RECURSION = YES;
				CLANG_WARN_INT_CONVERSION = YES;
				CLANG_WARN_NON_LITERAL_NULL_CONVERSION = YES;
				CLANG_WARN_OBJC_IMPLICIT_RETAIN_SELF = YES;
				CLANG_WARN_OBJC_LITERAL_CONVERSION = YES;
				CLANG_WARN_OBJC_ROOT_CLASS = YES_ERROR;
				CLANG_WARN_QUOTED_INCLUDE_IN_FRAMEWORK_HEADER = YES;
				CLANG_WARN_RANGE_LOOP_ANALYSIS = YES;
				CLANG_WARN_STRICT_PROTOTYPES = YES;
				CLANG_WARN_SUSPICIOUS_MOVE = YES;
				CLANG_WARN_UNGUARDED_AVAILABILITY = YES_AGGRESSIVE;
				CLANG_WARN_UNREACHABLE_CODE = YES;
				CLANG_WARN__DUPLICATE_METHOD_MATCH = YES;
				COPY_PHASE_STRIP = NO;
				DEBUG_INFORMATION_FORMAT = dwarf;
				ENABLE_STRICT_OBJC_MSGSEND = YES;
				ENABLE_TESTABILITY = YES;
				GCC_C_LANGUAGE_STANDARD = gnu11;
				GCC_DYNAMIC_NO_PIC = NO;
				GCC_NO_COMMON_BLOCKS = YES;
				GCC_OPTIMIZATION_LEVEL = 0;
				GCC_PREPROCESSOR_DEFINITIONS = (
					"DEBUG=1",
					"$(inherited)",
				);
				GCC_WARN_64_TO_32_BIT_CONVERSION = YES;
				GCC_WARN_ABOUT_RETURN_TYPE = YES_ERROR;
				GCC_WARN_UNDECLARED_SELECTOR = YES;
				GCC_WARN_UNINITIALIZED_AUTOS = YES_AGGRESSIVE;
				GCC_WARN_UNUSED_FUNCTION = YES;
				GCC_WARN_UNUSED_VARIABLE = YES;
				IPHONEOS_DEPLOYMENT_TARGET = 13.0;
				MTL_ENABLE_DEBUG_INFO = INCLUDE_SOURCE;
				MTL_FAST_MATH = YES;
				ONLY_ACTIVE_ARCH = YES;
				SDKROOT = iphoneos;
				SWIFT_ACTIVE_COMPILATION_CONDITIONS = DEBUG;
				SWIFT_OPTIMIZATION_LEVEL = "-Onone";
			};
			name = Debug;
		};
		252E13BA25309F380018E3EC /* Release */ = {
			isa = XCBuildConfiguration;
			buildSettings = {
				ALWAYS_SEARCH_USER_PATHS = NO;
				CLANG_ANALYZER_NONNULL = YES;
				CLANG_ANALYZER_NUMBER_OBJECT_CONVERSION = YES_AGGRESSIVE;
				CLANG_CXX_LANGUAGE_STANDARD = "gnu++14";
				CLANG_CXX_LIBRARY = "libc++";
				CLANG_ENABLE_MODULES = YES;
				CLANG_ENABLE_OBJC_ARC = YES;
				CLANG_ENABLE_OBJC_WEAK = YES;
				CLANG_WARN_BLOCK_CAPTURE_AUTORELEASING = YES;
				CLANG_WARN_BOOL_CONVERSION = YES;
				CLANG_WARN_COMMA = YES;
				CLANG_WARN_CONSTANT_CONVERSION = YES;
				CLANG_WARN_DEPRECATED_OBJC_IMPLEMENTATIONS = YES;
				CLANG_WARN_DIRECT_OBJC_ISA_USAGE = YES_ERROR;
				CLANG_WARN_DOCUMENTATION_COMMENTS = YES;
				CLANG_WARN_EMPTY_BODY = YES;
				CLANG_WARN_ENUM_CONVERSION = YES;
				CLANG_WARN_INFINITE_RECURSION = YES;
				CLANG_WARN_INT_CONVERSION = YES;
				CLANG_WARN_NON_LITERAL_NULL_CONVERSION = YES;
				CLANG_WARN_OBJC_IMPLICIT_RETAIN_SELF = YES;
				CLANG_WARN_OBJC_LITERAL_CONVERSION = YES;
				CLANG_WARN_OBJC_ROOT_CLASS = YES_ERROR;
				CLANG_WARN_QUOTED_INCLUDE_IN_FRAMEWORK_HEADER = YES;
				CLANG_WARN_RANGE_LOOP_ANALYSIS = YES;
				CLANG_WARN_STRICT_PROTOTYPES = YES;
				CLANG_WARN_SUSPICIOUS_MOVE = YES;
				CLANG_WARN_UNGUARDED_AVAILABILITY = YES_AGGRESSIVE;
				CLANG_WARN_UNREACHABLE_CODE = YES;
				CLANG_WARN__DUPLICATE_METHOD_MATCH = YES;
				COPY_PHASE_STRIP = NO;
				DEBUG_INFORMATION_FORMAT = "dwarf-with-dsym";
				ENABLE_NS_ASSERTIONS = NO;
				ENABLE_STRICT_OBJC_MSGSEND = YES;
				GCC_C_LANGUAGE_STANDARD = gnu11;
				GCC_NO_COMMON_BLOCKS = YES;
				GCC_WARN_64_TO_32_BIT_CONVERSION = YES;
				GCC_WARN_ABOUT_RETURN_TYPE = YES_ERROR;
				GCC_WARN_UNDECLARED_SELECTOR = YES;
				GCC_WARN_UNINITIALIZED_AUTOS = YES_AGGRESSIVE;
				GCC_WARN_UNUSED_FUNCTION = YES;
				GCC_WARN_UNUSED_VARIABLE = YES;
				IPHONEOS_DEPLOYMENT_TARGET = 13.0;
				MTL_ENABLE_DEBUG_INFO = NO;
				MTL_FAST_MATH = YES;
				SDKROOT = iphoneos;
				SWIFT_COMPILATION_MODE = wholemodule;
				SWIFT_OPTIMIZATION_LEVEL = "-O";
				VALIDATE_PRODUCT = YES;
			};
			name = Release;
		};
		252E13BC25309F380018E3EC /* Debug */ = {
			isa = XCBuildConfiguration;
			buildSettings = {
				ASSETCATALOG_COMPILER_APPICON_NAME = AppIcon;
				ASSETCATALOG_COMPILER_GLOBAL_ACCENT_COLOR_NAME = AccentColor;
				CODE_SIGN_IDENTITY = "iPhone Distribution";
				CODE_SIGN_STYLE = Manual;
				CURRENT_PROJECT_VERSION = 2;
				DEVELOPMENT_TEAM = J9KY5Z2V8M;
				INFOPLIST_FILE = DummyCI/Info.plist;
				IPHONEOS_DEPLOYMENT_TARGET = 13.0;
				LD_RUNPATH_SEARCH_PATHS = (
					"$(inherited)",
					"@executable_path/Frameworks",
				);
				PRODUCT_BUNDLE_IDENTIFIER = com.karthik.DummyCI;
				PRODUCT_NAME = "$(TARGET_NAME)";
				PROVISIONING_PROFILE_SPECIFIER = "Dummy Wildcard iOS Distribution Profile";
				SWIFT_VERSION = 5.0;
				TARGETED_DEVICE_FAMILY = "1,2";
			};
			name = Debug;
		};
		252E13BD25309F380018E3EC /* Release */ = {
			isa = XCBuildConfiguration;
			buildSettings = {
				ASSETCATALOG_COMPILER_APPICON_NAME = AppIcon;
				ASSETCATALOG_COMPILER_GLOBAL_ACCENT_COLOR_NAME = AccentColor;
				CODE_SIGN_IDENTITY = "iPhone Distribution";
				CODE_SIGN_STYLE = Manual;
				CURRENT_PROJECT_VERSION = 2;
				DEVELOPMENT_TEAM = J9KY5Z2V8M;
				INFOPLIST_FILE = DummyCI/Info.plist;
				IPHONEOS_DEPLOYMENT_TARGET = 13.0;
				LD_RUNPATH_SEARCH_PATHS = (
					"$(inherited)",
					"@executable_path/Frameworks",
				);
				PRODUCT_BUNDLE_IDENTIFIER = com.karthik.DummyCI;
				PRODUCT_NAME = "$(TARGET_NAME)";
				PROVISIONING_PROFILE_SPECIFIER = "Dummy Wildcard iOS Distribution Profile";
				SWIFT_VERSION = 5.0;
				TARGETED_DEVICE_FAMILY = "1,2";
			};
			name = Release;
		};
		252E13BF25309F380018E3EC /* Debug */ = {
			isa = XCBuildConfiguration;
			buildSettings = {
				ALWAYS_EMBED_SWIFT_STANDARD_LIBRARIES = YES;
				BUNDLE_LOADER = "$(TEST_HOST)";
				CODE_SIGN_STYLE = Automatic;
				DEVELOPMENT_TEAM = J9KY5Z2V8M;
				INFOPLIST_FILE = DummyCITests/Info.plist;
				IPHONEOS_DEPLOYMENT_TARGET = 13.0;
				LD_RUNPATH_SEARCH_PATHS = (
					"$(inherited)",
					"@executable_path/Frameworks",
					"@loader_path/Frameworks",
				);
				PRODUCT_BUNDLE_IDENTIFIER = com.karthik.DummyCITests;
				PRODUCT_NAME = "$(TARGET_NAME)";
				SWIFT_VERSION = 5.0;
				TARGETED_DEVICE_FAMILY = "1,2";
				TEST_HOST = "$(BUILT_PRODUCTS_DIR)/DummyCI.app/DummyCI";
			};
			name = Debug;
		};
		252E13C025309F380018E3EC /* Release */ = {
			isa = XCBuildConfiguration;
			buildSettings = {
				ALWAYS_EMBED_SWIFT_STANDARD_LIBRARIES = YES;
				BUNDLE_LOADER = "$(TEST_HOST)";
				CODE_SIGN_STYLE = Automatic;
				DEVELOPMENT_TEAM = J9KY5Z2V8M;
				INFOPLIST_FILE = DummyCITests/Info.plist;
				IPHONEOS_DEPLOYMENT_TARGET = 13.0;
				LD_RUNPATH_SEARCH_PATHS = (
					"$(inherited)",
					"@executable_path/Frameworks",
					"@loader_path/Frameworks",
				);
				PRODUCT_BUNDLE_IDENTIFIER = com.karthik.DummyCITests;
				PRODUCT_NAME = "$(TARGET_NAME)";
				SWIFT_VERSION = 5.0;
				TARGETED_DEVICE_FAMILY = "1,2";
				TEST_HOST = "$(BUILT_PRODUCTS_DIR)/DummyCI.app/DummyCI";
			};
			name = Release;
		};
		252E13C225309F380018E3EC /* Debug */ = {
			isa = XCBuildConfiguration;
			buildSettings = {
				ALWAYS_EMBED_SWIFT_STANDARD_LIBRARIES = YES;
				CODE_SIGN_STYLE = Automatic;
				DEVELOPMENT_TEAM = J9KY5Z2V8M;
				INFOPLIST_FILE = DummyCIUITests/Info.plist;
				LD_RUNPATH_SEARCH_PATHS = (
					"$(inherited)",
					"@executable_path/Frameworks",
					"@loader_path/Frameworks",
				);
				PRODUCT_BUNDLE_IDENTIFIER = com.karthik.DummyCIUITests;
				PRODUCT_NAME = "$(TARGET_NAME)";
				SWIFT_VERSION = 5.0;
				TARGETED_DEVICE_FAMILY = "1,2";
				TEST_TARGET_NAME = DummyCI;
			};
			name = Debug;
		};
		252E13C325309F380018E3EC /* Release */ = {
			isa = XCBuildConfiguration;
			buildSettings = {
				ALWAYS_EMBED_SWIFT_STANDARD_LIBRARIES = YES;
				CODE_SIGN_STYLE = Automatic;
				DEVELOPMENT_TEAM = J9KY5Z2V8M;
				INFOPLIST_FILE = DummyCIUITests/Info.plist;
				LD_RUNPATH_SEARCH_PATHS = (
					"$(inherited)",
					"@executable_path/Frameworks",
					"@loader_path/Frameworks",
				);
				PRODUCT_BUNDLE_IDENTIFIER = com.karthik.DummyCIUITests;
				PRODUCT_NAME = "$(TARGET_NAME)";
				SWIFT_VERSION = 5.0;
				TARGETED_DEVICE_FAMILY = "1,2";
				TEST_TARGET_NAME = DummyCI;
			};
			name = Release;
		};
/* End XCBuildConfiguration section */

/* Begin XCConfigurationList section */
		252E138C25309F340018E3EC /* Build configuration list for PBXProject "DummyCI" */ = {
			isa = XCConfigurationList;
			buildConfigurations = (
				252E13B925309F380018E3EC /* Debug */,
				252E13BA25309F380018E3EC /* Release */,
			);
			defaultConfigurationIsVisible = 0;
			defaultConfigurationName = Release;
		};
		252E13BB25309F380018E3EC /* Build configuration list for PBXNativeTarget "DummyCI" */ = {
			isa = XCConfigurationList;
			buildConfigurations = (
				252E13BC25309F380018E3EC /* Debug */,
				252E13BD25309F380018E3EC /* Release */,
			);
			defaultConfigurationIsVisible = 0;
			defaultConfigurationName = Release;
		};
		252E13BE25309F380018E3EC /* Build configuration list for PBXNativeTarget "DummyCITests" */ = {
			isa = XCConfigurationList;
			buildConfigurations = (
				252E13BF25309F380018E3EC /* Debug */,
				252E13C025309F380018E3EC /* Release */,
			);
			defaultConfigurationIsVisible = 0;
			defaultConfigurationName = Release;
		};
		252E13C125309F380018E3EC /* Build configuration list for PBXNativeTarget "DummyCIUITests" */ = {
			isa = XCConfigurationList;
			buildConfigurations = (
				252E13C225309F380018E3EC /* Debug */,
				252E13C325309F380018E3EC /* Release */,
			);
			defaultConfigurationIsVisible = 0;
			defaultConfigurationName = Release;
		};
/* End XCConfigurationList section */
	};
	rootObject = 252E138925309F340018E3EC /* Project object */;
}
